
Microsoft Visual Studio Solution File, Format Version 12.00
# Visual Studio Version 16
VisualStudioVersion = 16.0.30309.148
MinimumVisualStudioVersion = 10.0.40219.1
Project("{8BC9CEB8-8B4A-11D0-8D11-00A0C91BC942}") = "rex", "rex.vcxproj", "{5A127C27-B95B-4963-B376-45F701BA9945}"
EndProject
Global
	GlobalSection(SolutionConfigurationPlatforms) = preSolution
		Debug|x64 = Debug|x64
		Release|x64 = Release|x64
	EndGlobalSection
	GlobalSection(ProjectConfigurationPlatforms) = postSolution
		{5A127C27-B95B-4963-B376-45F701BA9945}.Debug|x64.ActiveCfg = Debug|x64
		{5A127C27-B95B-4963-B376-45F701BA9945}.Debug|x64.Build.0 = Debug|x64
		{5A127C27-B95B-4963-B376-45F701BA9945}.Release|x64.ActiveCfg = Release|x64
		{5A127C27-B95B-4963-B376-45F701BA9945}.Release|x64.Build.0 = Release|x64
	EndGlobalSection
	GlobalSection(SolutionProperties) = preSolution
		HideSolutionNode = FALSE
	EndGlobalSection
	GlobalSection(ExtensibilityGlobals) = postSolution
		SolutionGuid = {9FDECA77-5179-446C-AC4D-5FEF98A65448}
	EndGlobalSection
EndGlobal
