<?xml version="1.0" encoding="utf-8"?>
<Project ToolsVersion="4.0" xmlns="http://schemas.microsoft.com/developer/msbuild/2003">
  <ItemGroup>
    <None Include="packages.config" />
  </ItemGroup>
  <ItemGroup>
    <Filter Include="rx">
      <UniqueIdentifier>{42d44303-42c5-4d06-8336-486f20584b78}</UniqueIdentifier>
    </Filter>
    <Filter Include="lib">
      <UniqueIdentifier>{549138be-863a-4b93-87e5-856f51d8c663}</UniqueIdentifier>
    </Filter>
    <Filter Include="rx\console">
      <UniqueIdentifier>{70c252c2-aac9-472a-9f70-39d96c1d5351}</UniqueIdentifier>
    </Filter>
    <Filter Include="rx\core">
      <UniqueIdentifier>{fd7a3dd8-a603-4df9-8a3e-51e0cf0b5974}</UniqueIdentifier>
    </Filter>
    <Filter Include="rx\input">
      <UniqueIdentifier>{685e03b0-8de6-48a7-b232-d81f836ea74e}</UniqueIdentifier>
    </Filter>
    <Filter Include="rx\math">
      <UniqueIdentifier>{a9d49274-7357-496d-9ea4-79b818c3f2a3}</UniqueIdentifier>
    </Filter>
    <Filter Include="rx\model">
      <UniqueIdentifier>{08116445-92d4-4a23-a69c-2ff6f9ddbb92}</UniqueIdentifier>
    </Filter>
    <Filter Include="rx\render">
      <UniqueIdentifier>{47070c39-f697-471e-9ae7-2f9d6a41e70b}</UniqueIdentifier>
    </Filter>
    <Filter Include="rx\texture">
      <UniqueIdentifier>{075c6cf8-73a4-47b7-838e-ba78abb3f4e4}</UniqueIdentifier>
    </Filter>
    <Filter Include="rx\core\algorithm">
      <UniqueIdentifier>{0c5e9037-e229-4328-a94a-9fe92727df45}</UniqueIdentifier>
    </Filter>
    <Filter Include="rx\core\concepts">
      <UniqueIdentifier>{8cde13e7-f52d-4572-80a0-4ff90d45489a}</UniqueIdentifier>
    </Filter>
    <Filter Include="rx\core\concurrency">
      <UniqueIdentifier>{da9202dc-b454-41eb-ae9a-9ab4a65473d8}</UniqueIdentifier>
    </Filter>
    <Filter Include="rx\core\filesystem">
      <UniqueIdentifier>{88ac644f-9b8f-4c81-a0aa-c8cb6018c71a}</UniqueIdentifier>
    </Filter>
    <Filter Include="rx\core\memory">
      <UniqueIdentifier>{71aae3de-baf9-4d15-991e-1612a87d1d77}</UniqueIdentifier>
    </Filter>
    <Filter Include="rx\core\traits">
      <UniqueIdentifier>{efbde2f4-3701-40e6-be39-909151f92e6c}</UniqueIdentifier>
    </Filter>
    <Filter Include="rx\core\utility">
      <UniqueIdentifier>{ce689587-fb05-4beb-ba8f-ce61c86b71c4}</UniqueIdentifier>
    </Filter>
    <Filter Include="rx\core\concurrency\clang">
      <UniqueIdentifier>{34de612d-1c39-4bf6-bc1e-18f9e0ab7995}</UniqueIdentifier>
    </Filter>
    <Filter Include="rx\core\concurrency\gcc">
      <UniqueIdentifier>{e3bbb92c-7130-4f2f-be66-3552a4b39809}</UniqueIdentifier>
    </Filter>
    <Filter Include="rx\core\concurrency\msvc">
      <UniqueIdentifier>{2032ae30-fef2-4b80-84fb-c37fe0d65279}</UniqueIdentifier>
    </Filter>
    <Filter Include="rx\render\backend">
      <UniqueIdentifier>{3f7a8589-8df5-48b8-a51c-43608ce44eb9}</UniqueIdentifier>
    </Filter>
    <Filter Include="rx\render\frontend">
      <UniqueIdentifier>{7132470e-ddbe-4a82-9c76-65710031e747}</UniqueIdentifier>
    </Filter>
  </ItemGroup>
  <ItemGroup>
    <ClCompile Include="src\lib\json.c">
      <Filter>lib</Filter>
    </ClCompile>
    <ClCompile Include="src\lib\stb_image.c">
      <Filter>lib</Filter>
    </ClCompile>
    <ClCompile Include="src\lib\stb_truetype.c">
      <Filter>lib</Filter>
    </ClCompile>
    <ClCompile Include="src\rx\console\interface.cpp">
      <Filter>rx\console</Filter>
    </ClCompile>
    <ClCompile Include="src\rx\console\variable.cpp">
      <Filter>rx\console</Filter>
    </ClCompile>
    <ClCompile Include="src\rx\core\concurrency\condition_variable.cpp">
      <Filter>rx\core\concurrency</Filter>
    </ClCompile>
    <ClCompile Include="src\rx\core\concurrency\mutex.cpp">
      <Filter>rx\core\concurrency</Filter>
    </ClCompile>
    <ClCompile Include="src\rx\core\concurrency\spin_lock.cpp">
      <Filter>rx\core\concurrency</Filter>
    </ClCompile>
    <ClCompile Include="src\rx\core\concurrency\thread.cpp">
      <Filter>rx\core\concurrency</Filter>
    </ClCompile>
    <ClCompile Include="src\rx\core\concurrency\thread_pool.cpp">
      <Filter>rx\core\concurrency</Filter>
    </ClCompile>
    <ClCompile Include="src\rx\core\filesystem\directory.cpp">
      <Filter>rx\core\filesystem</Filter>
    </ClCompile>
    <ClCompile Include="src\rx\core\filesystem\file.cpp">
      <Filter>rx\core\filesystem</Filter>
    </ClCompile>
    <ClCompile Include="src\rx\core\memory\bump_point_allocator.cpp">
      <Filter>rx\core\memory</Filter>
    </ClCompile>
    <ClCompile Include="src\rx\core\memory\pool_allocator.cpp">
      <Filter>rx\core\memory</Filter>
    </ClCompile>
    <ClCompile Include="src\rx\core\memory\stats_allocator.cpp">
      <Filter>rx\core\memory</Filter>
    </ClCompile>
    <ClCompile Include="src\rx\core\memory\system_allocator.cpp">
      <Filter>rx\core\memory</Filter>
    </ClCompile>
    <ClCompile Include="src\rx\input\input.cpp">
      <Filter>rx\input</Filter>
    </ClCompile>
    <ClCompile Include="src\rx\input\keyboard.cpp">
      <Filter>rx\input</Filter>
    </ClCompile>
    <ClCompile Include="src\rx\input\mouse.cpp">
      <Filter>rx\input</Filter>
    </ClCompile>
    <ClCompile Include="src\rx\math\half.cpp">
      <Filter>rx\math</Filter>
    </ClCompile>
    <ClCompile Include="src\rx\math\mat3x3.cpp">
      <Filter>rx\math</Filter>
    </ClCompile>
    <ClCompile Include="src\rx\math\mat3x4.cpp">
      <Filter>rx\math</Filter>
    </ClCompile>
    <ClCompile Include="src\rx\math\quat.cpp">
      <Filter>rx\math</Filter>
    </ClCompile>
    <ClCompile Include="src\rx\math\trig.cpp">
      <Filter>rx\math</Filter>
    </ClCompile>
    <ClCompile Include="src\rx\math\vec2.cpp">
      <Filter>rx\math</Filter>
    </ClCompile>
    <ClCompile Include="src\rx\math\vec3.cpp">
      <Filter>rx\math</Filter>
    </ClCompile>
    <ClCompile Include="src\rx\math\vec4.cpp">
      <Filter>rx\math</Filter>
    </ClCompile>
    <ClCompile Include="src\rx\model\animation.cpp">
      <Filter>rx\model</Filter>
    </ClCompile>
    <ClCompile Include="src\rx\model\interface.cpp">
      <Filter>rx\model</Filter>
    </ClCompile>
    <ClCompile Include="src\rx\model\iqm.cpp">
      <Filter>rx\model</Filter>
    </ClCompile>
    <ClCompile Include="src\rx\model\loader.cpp">
      <Filter>rx\model</Filter>
    </ClCompile>
    <ClCompile Include="src\rx\core\abort.cpp">
      <Filter>rx\core</Filter>
    </ClCompile>
    <ClCompile Include="src\rx\core\assert.cpp">
      <Filter>rx\core</Filter>
    </ClCompile>
    <ClCompile Include="src\rx\core\bitset.cpp">
      <Filter>rx\core</Filter>
    </ClCompile>
    <ClCompile Include="src\rx\core\cpprt.cpp">
      <Filter>rx\core</Filter>
    </ClCompile>
    <ClCompile Include="src\rx\core\debug.cpp">
      <Filter>rx\core</Filter>
    </ClCompile>
    <ClCompile Include="src\rx\core\json.cpp">
      <Filter>rx\core</Filter>
    </ClCompile>
    <ClCompile Include="src\rx\core\log.cpp">
      <Filter>rx\core</Filter>
    </ClCompile>
    <ClCompile Include="src\rx\core\statics.cpp">
      <Filter>rx\core</Filter>
    </ClCompile>
    <ClCompile Include="src\rx\core\string.cpp">
      <Filter>rx\core</Filter>
    </ClCompile>
    <ClCompile Include="src\rx\render\backend\gl4.cpp">
      <Filter>rx\render\backend</Filter>
    </ClCompile>
    <ClCompile Include="src\rx\render\frontend\buffer.cpp">
      <Filter>rx\render\frontend</Filter>
    </ClCompile>
    <ClCompile Include="src\rx\render\frontend\command.cpp">
      <Filter>rx\render\frontend</Filter>
    </ClCompile>
    <ClCompile Include="src\rx\render\frontend\interface.cpp">
      <Filter>rx\render\frontend</Filter>
    </ClCompile>
    <ClCompile Include="src\rx\render\frontend\material.cpp">
      <Filter>rx\render\frontend</Filter>
    </ClCompile>
    <ClCompile Include="src\rx\render\frontend\program.cpp">
      <Filter>rx\render\frontend</Filter>
    </ClCompile>
    <ClCompile Include="src\rx\render\frontend\resource.cpp">
      <Filter>rx\render\frontend</Filter>
    </ClCompile>
    <ClCompile Include="src\rx\render\frontend\state.cpp">
      <Filter>rx\render\frontend</Filter>
    </ClCompile>
    <ClCompile Include="src\rx\render\frontend\target.cpp">
      <Filter>rx\render\frontend</Filter>
    </ClCompile>
    <ClCompile Include="src\rx\render\frontend\technique.cpp">
      <Filter>rx\render\frontend</Filter>
    </ClCompile>
    <ClCompile Include="src\rx\render\frontend\texture.cpp">
      <Filter>rx\render\frontend</Filter>
    </ClCompile>
    <ClCompile Include="src\rx\render\frontend\timer.cpp">
      <Filter>rx\render\frontend</Filter>
    </ClCompile>
    <ClCompile Include="src\rx\render\gbuffer.cpp">
      <Filter>rx\render</Filter>
    </ClCompile>
    <ClCompile Include="src\rx\render\immediate.cpp">
      <Filter>rx\render</Filter>
    </ClCompile>
    <ClCompile Include="src\rx\texture\chain.cpp">
      <Filter>rx\texture</Filter>
    </ClCompile>
    <ClCompile Include="src\rx\texture\loader.cpp">
      <Filter>rx\texture</Filter>
    </ClCompile>
    <ClCompile Include="src\rx\texture\scale.cpp">
      <Filter>rx\texture</Filter>
    </ClCompile>
    <ClCompile Include="src\rx\main.cpp">
      <Filter>rx</Filter>
    </ClCompile>
  </ItemGroup>
  <ItemGroup>
    <ClInclude Include="src\lib\json.h">
      <Filter>lib</Filter>
    </ClInclude>
    <ClInclude Include="src\lib\stb_image.h">
      <Filter>lib</Filter>
    </ClInclude>
    <ClInclude Include="src\lib\stb_truetype.h">
      <Filter>lib</Filter>
    </ClInclude>
    <ClInclude Include="src\rx\console\interface.h">
      <Filter>rx\console</Filter>
    </ClInclude>
    <ClInclude Include="src\rx\console\variable.h">
      <Filter>rx\console</Filter>
    </ClInclude>
    <ClInclude Include="src\rx\core\algorithm\clamp.h">
      <Filter>rx\core\algorithm</Filter>
    </ClInclude>
    <ClInclude Include="src\rx\core\algorithm\insertion_sort.h">
      <Filter>rx\core\algorithm</Filter>
    </ClInclude>
    <ClInclude Include="src\rx\core\algorithm\max.h">
      <Filter>rx\core\algorithm</Filter>
    </ClInclude>
    <ClInclude Include="src\rx\core\algorithm\min.h">
      <Filter>rx\core\algorithm</Filter>
    </ClInclude>
    <ClInclude Include="src\rx\core\algorithm\quick_sort.h">
      <Filter>rx\core\algorithm</Filter>
    </ClInclude>
    <ClInclude Include="src\rx\core\concepts\interface.h">
      <Filter>rx\core\concepts</Filter>
    </ClInclude>
    <ClInclude Include="src\rx\core\concepts\no_copy.h">
      <Filter>rx\core\concepts</Filter>
    </ClInclude>
    <ClInclude Include="src\rx\core\concepts\no_move.h">
      <Filter>rx\core\concepts</Filter>
    </ClInclude>
    <ClInclude Include="src\rx\core\concurrency\clang\atomic.h">
      <Filter>rx\core\concurrency\clang</Filter>
    </ClInclude>
    <ClInclude Include="src\rx\core\concurrency\gcc\atomic.h">
      <Filter>rx\core\concurrency\gcc</Filter>
    </ClInclude>
    <ClInclude Include="src\rx\core\concurrency\msvc\atomic.h">
      <Filter>rx\core\concurrency\msvc</Filter>
    </ClInclude>
    <ClInclude Include="src\rx\core\concurrency\atomic.h">
      <Filter>rx\core\concurrency</Filter>
    </ClInclude>
    <ClInclude Include="src\rx\core\concurrency\condition_variable.h">
      <Filter>rx\core\concurrency</Filter>
    </ClInclude>
    <ClInclude Include="src\rx\core\concurrency\mutex.h">
      <Filter>rx\core\concurrency</Filter>
    </ClInclude>
    <ClInclude Include="src\rx\core\concurrency\promise.h">
      <Filter>rx\core\concurrency</Filter>
    </ClInclude>
    <ClInclude Include="src\rx\core\concurrency\scope_lock.h">
      <Filter>rx\core\concurrency</Filter>
    </ClInclude>
    <ClInclude Include="src\rx\core\concurrency\scope_unlock.h">
      <Filter>rx\core\concurrency</Filter>
    </ClInclude>
    <ClInclude Include="src\rx\core\concurrency\spin_lock.h">
      <Filter>rx\core\concurrency</Filter>
    </ClInclude>
    <ClInclude Include="src\rx\core\concurrency\thread.h">
      <Filter>rx\core\concurrency</Filter>
    </ClInclude>
    <ClInclude Include="src\rx\core\concurrency\thread_pool.h">
      <Filter>rx\core\concurrency</Filter>
    </ClInclude>
    <ClInclude Include="src\rx\core\filesystem\directory.h">
      <Filter>rx\core\filesystem</Filter>
    </ClInclude>
    <ClInclude Include="src\rx\core\filesystem\file.h">
      <Filter>rx\core\filesystem</Filter>
    </ClInclude>
    <ClInclude Include="src\rx\core\memory\allocator.h">
      <Filter>rx\core\memory</Filter>
    </ClInclude>
    <ClInclude Include="src\rx\core\memory\bump_point_allocator.h">
      <Filter>rx\core\memory</Filter>
    </ClInclude>
    <ClInclude Include="src\rx\core\memory\pool_allocator.h">
      <Filter>rx\core\memory</Filter>
    </ClInclude>
    <ClInclude Include="src\rx\core\memory\stats_allocator.h">
      <Filter>rx\core\memory</Filter>
    </ClInclude>
    <ClInclude Include="src\rx\core\memory\system_allocator.h">
      <Filter>rx\core\memory</Filter>
    </ClInclude>
    <ClInclude Include="src\rx\core\memory\uninitialized_storage.h">
      <Filter>rx\core\memory</Filter>
    </ClInclude>
    <ClInclude Include="src\rx\core\traits\add_const.h">
      <Filter>rx\core\traits</Filter>
    </ClInclude>
    <ClInclude Include="src\rx\core\traits\add_cv.h">
      <Filter>rx\core\traits</Filter>
    </ClInclude>
    <ClInclude Include="src\rx\core\traits\add_lvalue_reference.h">
      <Filter>rx\core\traits</Filter>
    </ClInclude>
    <ClInclude Include="src\rx\core\traits\add_pointer.h">
      <Filter>rx\core\traits</Filter>
    </ClInclude>
    <ClInclude Include="src\rx\core\traits\add_rvalue_reference.h">
      <Filter>rx\core\traits</Filter>
    </ClInclude>
    <ClInclude Include="src\rx\core\traits\add_volatile.h">
      <Filter>rx\core\traits</Filter>
    </ClInclude>
    <ClInclude Include="src\rx\core\traits\conditional.h">
      <Filter>rx\core\traits</Filter>
    </ClInclude>
    <ClInclude Include="src\rx\core\traits\decay.h">
      <Filter>rx\core\traits</Filter>
    </ClInclude>
    <ClInclude Include="src\rx\core\traits\enable_if.h">
      <Filter>rx\core\traits</Filter>
    </ClInclude>
    <ClInclude Include="src\rx\core\traits\is_array.h">
      <Filter>rx\core\traits</Filter>
    </ClInclude>
    <ClInclude Include="src\rx\core\traits\is_assignable.h">
      <Filter>rx\core\traits</Filter>
    </ClInclude>
    <ClInclude Include="src\rx\core\traits\is_callable.h">
      <Filter>rx\core\traits</Filter>
    </ClInclude>
    <ClInclude Include="src\rx\core\traits\is_floating_point.h">
      <Filter>rx\core\traits</Filter>
    </ClInclude>
    <ClInclude Include="src\rx\core\traits\is_function.h">
      <Filter>rx\core\traits</Filter>
    </ClInclude>
    <ClInclude Include="src\rx\core\traits\is_integral.h">
      <Filter>rx\core\traits</Filter>
    </ClInclude>
    <ClInclude Include="src\rx\core\traits\is_lvalue_reference.h">
      <Filter>rx\core\traits</Filter>
    </ClInclude>
    <ClInclude Include="src\rx\core\traits\is_pointer.h">
      <Filter>rx\core\traits</Filter>
    </ClInclude>
    <ClInclude Include="src\rx\core\traits\is_reference.h">
      <Filter>rx\core\traits</Filter>
    </ClInclude>
    <ClInclude Include="src\rx\core\traits\is_referenceable.h">
      <Filter>rx\core\traits</Filter>
    </ClInclude>
    <ClInclude Include="src\rx\core\traits\is_rvalue_reference.h">
      <Filter>rx\core\traits</Filter>
    </ClInclude>
    <ClInclude Include="src\rx\core\traits\is_same.h">
      <Filter>rx\core\traits</Filter>
    </ClInclude>
    <ClInclude Include="src\rx\core\traits\is_trivially_copyable.h">
      <Filter>rx\core\traits</Filter>
    </ClInclude>
    <ClInclude Include="src\rx\core\traits\is_trivially_destructible.h">
      <Filter>rx\core\traits</Filter>
    </ClInclude>
    <ClInclude Include="src\rx\core\traits\is_void.h">
      <Filter>rx\core\traits</Filter>
    </ClInclude>
    <ClInclude Include="src\rx\core\traits\remove_all_extents.h">
      <Filter>rx\core\traits</Filter>
    </ClInclude>
    <ClInclude Include="src\rx\core\traits\remove_const.h">
      <Filter>rx\core\traits</Filter>
    </ClInclude>
    <ClInclude Include="src\rx\core\traits\remove_cv.h">
      <Filter>rx\core\traits</Filter>
    </ClInclude>
    <ClInclude Include="src\rx\core\traits\remove_cvref.h">
      <Filter>rx\core\traits</Filter>
    </ClInclude>
    <ClInclude Include="src\rx\core\traits\remove_extent.h">
      <Filter>rx\core\traits</Filter>
    </ClInclude>
    <ClInclude Include="src\rx\core\traits\remove_pointer.h">
      <Filter>rx\core\traits</Filter>
    </ClInclude>
    <ClInclude Include="src\rx\core\traits\remove_reference.h">
      <Filter>rx\core\traits</Filter>
    </ClInclude>
    <ClInclude Include="src\rx\core\traits\remove_volatile.h">
      <Filter>rx\core\traits</Filter>
    </ClInclude>
    <ClInclude Include="src\rx\core\traits\return_type.h">
      <Filter>rx\core\traits</Filter>
    </ClInclude>
    <ClInclude Include="src\rx\core\traits\type_identity.h">
      <Filter>rx\core\traits</Filter>
    </ClInclude>
    <ClInclude Include="src\rx\core\utility\bit.h">
      <Filter>rx\core\utility</Filter>
    </ClInclude>
    <ClInclude Include="src\rx\core\utility\construct.h">
      <Filter>rx\core\utility</Filter>
    </ClInclude>
    <ClInclude Include="src\rx\core\utility\declval.h">
      <Filter>rx\core\utility</Filter>
    </ClInclude>
    <ClInclude Include="src\rx\core\utility\destruct.h">
      <Filter>rx\core\utility</Filter>
    </ClInclude>
    <ClInclude Include="src\rx\core\utility\forward.h">
      <Filter>rx\core\utility</Filter>
    </ClInclude>
    <ClInclude Include="src\rx\core\utility\index_sequence.h">
      <Filter>rx\core\utility</Filter>
    </ClInclude>
    <ClInclude Include="src\rx\core\utility\integer_sequence.h">
      <Filter>rx\core\utility</Filter>
    </ClInclude>
    <ClInclude Include="src\rx\core\utility\make_index_sequence.h">
      <Filter>rx\core\utility</Filter>
    </ClInclude>
    <ClInclude Include="src\rx\core\utility\make_integer_sequence.h">
      <Filter>rx\core\utility</Filter>
    </ClInclude>
    <ClInclude Include="src\rx\core\utility\move.h">
      <Filter>rx\core\utility</Filter>
    </ClInclude>
    <ClInclude Include="src\rx\core\utility\nat.h">
      <Filter>rx\core\utility</Filter>
    </ClInclude>
    <ClInclude Include="src\rx\core\utility\swap.h">
      <Filter>rx\core\utility</Filter>
    </ClInclude>
    <ClInclude Include="src\rx\core\utility\tuple.h">
      <Filter>rx\core\utility</Filter>
    </ClInclude>
    <ClInclude Include="src\rx\input\event.h">
      <Filter>rx\input</Filter>
    </ClInclude>
    <ClInclude Include="src\rx\input\input.h">
      <Filter>rx\input</Filter>
    </ClInclude>
    <ClInclude Include="src\rx\input\keyboard.h">
      <Filter>rx\input</Filter>
    </ClInclude>
    <ClInclude Include="src\rx\input\mouse.h">
      <Filter>rx\input</Filter>
    </ClInclude>
    <ClInclude Include="src\rx\math\camera.h">
      <Filter>rx\math</Filter>
    </ClInclude>
    <ClInclude Include="src\rx\math\constants.h">
      <Filter>rx\math</Filter>
    </ClInclude>
    <ClInclude Include="src\rx\math\half.h">
      <Filter>rx\math</Filter>
    </ClInclude>
    <ClInclude Include="src\rx\math\log2.h">
      <Filter>rx\math</Filter>
    </ClInclude>
    <ClInclude Include="src\rx\math\mat3x3.h">
      <Filter>rx\math</Filter>
    </ClInclude>
    <ClInclude Include="src\rx\math\mat3x4.h">
      <Filter>rx\math</Filter>
    </ClInclude>
    <ClInclude Include="src\rx\math\mat4x4.h">
      <Filter>rx\math</Filter>
    </ClInclude>
    <ClInclude Include="src\rx\math\quat.h">
      <Filter>rx\math</Filter>
    </ClInclude>
    <ClInclude Include="src\rx\math\transform.h">
      <Filter>rx\math</Filter>
    </ClInclude>
    <ClInclude Include="src\rx\math\trig.h">
      <Filter>rx\math</Filter>
    </ClInclude>
    <ClInclude Include="src\rx\math\vec2.h">
      <Filter>rx\math</Filter>
    </ClInclude>
    <ClInclude Include="src\rx\math\vec3.h">
      <Filter>rx\math</Filter>
    </ClInclude>
    <ClInclude Include="src\rx\math\vec4.h">
      <Filter>rx\math</Filter>
    </ClInclude>
    <ClInclude Include="src\rx\model\animation.h">
      <Filter>rx\model</Filter>
    </ClInclude>
    <ClInclude Include="src\rx\model\interface.h">
      <Filter>rx\model</Filter>
    </ClInclude>
    <ClInclude Include="src\rx\model\iqm.h">
      <Filter>rx\model</Filter>
    </ClInclude>
    <ClInclude Include="src\rx\model\loader.h">
      <Filter>rx\model</Filter>
    </ClInclude>
    <ClInclude Include="src\rx\model\mesh.h">
      <Filter>rx\model</Filter>
    </ClInclude>
    <ClInclude Include="src\rx\core\abort.h">
      <Filter>rx\core</Filter>
    </ClInclude>
    <ClInclude Include="src\rx\core\array.h">
      <Filter>rx\core</Filter>
    </ClInclude>
    <ClInclude Include="src\rx\core\assert.h">
      <Filter>rx\core</Filter>
    </ClInclude>
    <ClInclude Include="src\rx\core\bitset.h">
      <Filter>rx\core</Filter>
    </ClInclude>
    <ClInclude Include="src\rx\core\config.h">
      <Filter>rx\core</Filter>
    </ClInclude>
    <ClInclude Include="src\rx\core\debug.h">
      <Filter>rx\core</Filter>
    </ClInclude>
    <ClInclude Include="src\rx\core\deferred_function.h">
      <Filter>rx\core</Filter>
    </ClInclude>
    <ClInclude Include="src\rx\core\event.h">
      <Filter>rx\core</Filter>
    </ClInclude>
    <ClInclude Include="src\rx\core\format.h">
      <Filter>rx\core</Filter>
    </ClInclude>
    <ClInclude Include="src\rx\core\function.h">
      <Filter>rx\core</Filter>
    </ClInclude>
    <ClInclude Include="src\rx\core\hash.h">
      <Filter>rx\core</Filter>
    </ClInclude>
    <ClInclude Include="src\rx\core\json.h">
      <Filter>rx\core</Filter>
    </ClInclude>
    <ClInclude Include="src\rx\core\log.h">
      <Filter>rx\core</Filter>
    </ClInclude>
    <ClInclude Include="src\rx\core\map.h">
      <Filter>rx\core</Filter>
    </ClInclude>
    <ClInclude Include="src\rx\core\optional.h">
      <Filter>rx\core</Filter>
    </ClInclude>
    <ClInclude Include="src\rx\core\pp.h">
      <Filter>rx\core</Filter>
    </ClInclude>
    <ClInclude Include="src\rx\core\queue.h">
      <Filter>rx\core</Filter>
    </ClInclude>
    <ClInclude Include="src\rx\core\statics.h">
      <Filter>rx\core</Filter>
    </ClInclude>
    <ClInclude Include="src\rx\core\string.h">
      <Filter>rx\core</Filter>
    </ClInclude>
    <ClInclude Include="src\rx\core\type_eraser.h">
      <Filter>rx\core</Filter>
    </ClInclude>
    <ClInclude Include="src\rx\core\types.h">
      <Filter>rx\core</Filter>
    </ClInclude>
    <ClInclude Include="src\rx\render\backend\gl4.h">
      <Filter>rx\render\backend</Filter>
    </ClInclude>
    <ClInclude Include="src\rx\render\backend\interface.h">
      <Filter>rx\render\backend</Filter>
    </ClInclude>
    <ClInclude Include="src\rx\render\frontend\buffer.h">
      <Filter>rx\render\frontend</Filter>
    </ClInclude>
    <ClInclude Include="src\rx\render\frontend\command.h">
      <Filter>rx\render\frontend</Filter>
    </ClInclude>
    <ClInclude Include="src\rx\render\frontend\interface.h">
      <Filter>rx\render\frontend</Filter>
    </ClInclude>
    <ClInclude Include="src\rx\render\frontend\material.h">
      <Filter>rx\render\frontend</Filter>
    </ClInclude>
    <ClInclude Include="src\rx\render\frontend\program.h">
      <Filter>rx\render\frontend</Filter>
    </ClInclude>
    <ClInclude Include="src\rx\render\frontend\resource.h">
      <Filter>rx\render\frontend</Filter>
    </ClInclude>
    <ClInclude Include="src\rx\render\frontend\state.h">
      <Filter>rx\render\frontend</Filter>
    </ClInclude>
    <ClInclude Include="src\rx\render\frontend\target.h">
      <Filter>rx\render\frontend</Filter>
    </ClInclude>
    <ClInclude Include="src\rx\render\frontend\technique.h">
      <Filter>rx\render\frontend</Filter>
    </ClInclude>
    <ClInclude Include="src\rx\render\frontend\texture.h">
      <Filter>rx\render\frontend</Filter>
    </ClInclude>
    <ClInclude Include="src\rx\render\frontend\timer.h">
      <Filter>rx\render\frontend</Filter>
    </ClInclude>
    <ClInclude Include="src\rx\render\gbuffer.h">
      <Filter>rx\render</Filter>
    </ClInclude>
    <ClInclude Include="src\rx\render\immediate.h">
      <Filter>rx\render</Filter>
    </ClInclude>
    <ClInclude Include="src\rx\texture\chain.h">
      <Filter>rx\texture</Filter>
    </ClInclude>
    <ClInclude Include="src\rx\texture\loader.h">
      <Filter>rx\texture</Filter>
    </ClInclude>
    <ClInclude Include="src\rx\texture\scale.h">
      <Filter>rx\texture</Filter>
    </ClInclude>
  </ItemGroup>
</Project>